
Microsoft Visual Studio Solution File, Format Version 12.00
# Visual Studio Version 17
VisualStudioVersion = 17.9.34728.123
MinimumVisualStudioVersion = 10.0.40219.1
Project("{FAE04EC0-301F-11D3-BF4B-00C04F79EFBC}") = "culinary_tour_blazor.Server", "culinary_tour_blazor.Server\culinary_tour_blazor.Server.csproj", "{2FFB152B-875E-480F-851C-D988A323F239}"
EndProject
Global
	GlobalSection(SolutionConfigurationPlatforms) = preSolution
		Debug|Any CPU = Debug|Any CPU
		Release|Any CPU = Release|Any CPU
	EndGlobalSection
	GlobalSection(ProjectConfigurationPlatforms) = postSolution
		{2FFB152B-875E-480F-851C-D988A323F239}.Debug|Any CPU.ActiveCfg = Debug|Any CPU
		{2FFB152B-875E-480F-851C-D988A323F239}.Debug|Any CPU.Build.0 = Debug|Any CPU
		{2FFB152B-875E-480F-851C-D988A323F239}.Release|Any CPU.ActiveCfg = Release|Any CPU
		{2FFB152B-875E-480F-851C-D988A323F239}.Release|Any CPU.Build.0 = Release|Any CPU
	EndGlobalSection
	GlobalSection(SolutionProperties) = preSolution
		HideSolutionNode = FALSE
	EndGlobalSection
	GlobalSection(ExtensibilityGlobals) = postSolution
		SolutionGuid = {927DE54A-6332-403F-9BE1-89F36D169030}
	EndGlobalSection
EndGlobal
